{
  "version": 4,
  "terraform_version": "1.7.1",
  "serial": 12,
  "lineage": "f79c486c-f9b0-ef6c-2299-e2fbc6ccc890",
  "outputs": {
    "subnet_name": {
      "value": "base-vpc-dev",
      "type": "string"
    },
    "vpc_name": {
      "value": "base-platform-dev",
      "type": "string"
    }
  },
  "resources": [
    {
      "module": "module.base_platform",
      "mode": "managed",
      "type": "google_compute_network",
      "name": "base_vpc",
      "provider": "provider[\"registry.terraform.io/hashicorp/google\"]",
      "instances": [
        {
          "schema_version": 0,
          "attributes": {
            "auto_create_subnetworks": false,
            "delete_default_routes_on_create": false,
            "description": "",
            "enable_ula_internal_ipv6": false,
            "gateway_ipv4": "",
            "id": "projects/playground-s-11-b7c5bfc4/global/networks/base-platform-dev",
            "internal_ipv6_range": "",
            "mtu": 0,
            "name": "base-platform-dev",
            "network_firewall_policy_enforcement_order": "AFTER_CLASSIC_FIREWALL",
            "numeric_id": "2249846779190020956",
            "project": "playground-s-11-b7c5bfc4",
            "routing_mode": "REGIONAL",
            "self_link": "https://www.googleapis.com/compute/v1/projects/playground-s-11-b7c5bfc4/global/networks/base-platform-dev",
            "timeouts": null
          },
          "sensitive_attributes": [],
          "private": "eyJlMmJmYjczMC1lY2FhLTExZTYtOGY4OC0zNDM2M2JjN2M0YzAiOnsiY3JlYXRlIjoxMjAwMDAwMDAwMDAwLCJkZWxldGUiOjEyMDAwMDAwMDAwMDAsInVwZGF0ZSI6MTIwMDAwMDAwMDAwMH19"
        }
      ]
    },
    {
      "module": "module.base_platform",
      "mode": "managed",
      "type": "google_compute_subnetwork",
      "name": "base_subnet",
      "provider": "provider[\"registry.terraform.io/hashicorp/google\"]",
      "instances": [
        {
          "schema_version": 0,
          "attributes": {
            "creation_timestamp": "2024-03-24T07:16:32.124-07:00",
            "description": "",
            "external_ipv6_prefix": "",
            "fingerprint": null,
            "gateway_address": "10.2.0.1",
            "id": "projects/playground-s-11-b7c5bfc4/regions/us-central1/subnetworks/base-vpc-dev",
            "internal_ipv6_prefix": "",
            "ip_cidr_range": "10.2.0.0/16",
            "ipv6_access_type": "",
            "ipv6_cidr_range": "",
            "log_config": [],
            "name": "base-vpc-dev",
            "network": "https://www.googleapis.com/compute/v1/projects/playground-s-11-b7c5bfc4/global/networks/base-platform-dev",
            "private_ip_google_access": false,
            "private_ipv6_google_access": "DISABLE_GOOGLE_ACCESS",
            "project": "playground-s-11-b7c5bfc4",
            "purpose": "PRIVATE",
            "region": "us-central1",
            "role": "",
            "secondary_ip_range": [],
            "self_link": "https://www.googleapis.com/compute/v1/projects/playground-s-11-b7c5bfc4/regions/us-central1/subnetworks/base-vpc-dev",
            "stack_type": "IPV4_ONLY",
            "timeouts": null
          },
          "sensitive_attributes": [],
          "private": "eyJlMmJmYjczMC1lY2FhLTExZTYtOGY4OC0zNDM2M2JjN2M0YzAiOnsiY3JlYXRlIjoxMjAwMDAwMDAwMDAwLCJkZWxldGUiOjEyMDAwMDAwMDAwMDAsInVwZGF0ZSI6MTIwMDAwMDAwMDAwMH19",
          "dependencies": [
            "module.base_platform.google_compute_network.base_vpc"
          ]
        }
      ]
    }
  ],
  "check_results": null
}
